
Microsoft Visual Studio Solution File, Format Version 12.00
# Visual Studio Version 17
VisualStudioVersion = 17.2.32602.215
MinimumVisualStudioVersion = 10.0.40219.1
Project("{8BC9CEB8-8B4A-11D0-8D11-00A0C91BC942}") = "Snakeeeee", "Snakeeeee\Snakeeeee.vcxproj", "{C1978D77-6755-4E1F-8943-22BA97F34A73}"
EndProject
Project("{54435603-DBB4-11D2-8724-00A0C9A8B90C}") = "蛇头蛇脑", "蛇头蛇脑\蛇头蛇脑.vdproj", "{2AE477CF-7C8B-41F9-A1DB-9FA72EB36263}"
EndProject
Global
	GlobalSection(SolutionConfigurationPlatforms) = preSolution
		Debug|x64 = Debug|x64
		Debug|x86 = Debug|x86
		Release|x64 = Release|x64
		Release|x86 = Release|x86
	EndGlobalSection
	GlobalSection(ProjectConfigurationPlatforms) = postSolution
		{C1978D77-6755-4E1F-8943-22BA97F34A73}.Debug|x64.ActiveCfg = Debug|x64
		{C1978D77-6755-4E1F-8943-22BA97F34A73}.Debug|x64.Build.0 = Debug|x64
		{C1978D77-6755-4E1F-8943-22BA97F34A73}.Debug|x86.ActiveCfg = Debug|Win32
		{C1978D77-6755-4E1F-8943-22BA97F34A73}.Debug|x86.Build.0 = Debug|Win32
		{C1978D77-6755-4E1F-8943-22BA97F34A73}.Release|x64.ActiveCfg = Release|x64
		{C1978D77-6755-4E1F-8943-22BA97F34A73}.Release|x64.Build.0 = Release|x64
		{C1978D77-6755-4E1F-8943-22BA97F34A73}.Release|x86.ActiveCfg = Release|Win32
		{C1978D77-6755-4E1F-8943-22BA97F34A73}.Release|x86.Build.0 = Release|Win32
		{2AE477CF-7C8B-41F9-A1DB-9FA72EB36263}.Debug|x64.ActiveCfg = Debug
		{2AE477CF-7C8B-41F9-A1DB-9FA72EB36263}.Debug|x86.ActiveCfg = Debug
		{2AE477CF-7C8B-41F9-A1DB-9FA72EB36263}.Release|x64.ActiveCfg = Release
		{2AE477CF-7C8B-41F9-A1DB-9FA72EB36263}.Release|x86.ActiveCfg = Release
	EndGlobalSection
	GlobalSection(SolutionProperties) = preSolution
		HideSolutionNode = FALSE
	EndGlobalSection
	GlobalSection(ExtensibilityGlobals) = postSolution
		SolutionGuid = {0D24669E-F6A6-419A-8658-444C5A3ABDF8}
	EndGlobalSection
EndGlobal
